
Microsoft Visual Studio Solution File, Format Version 12.00
# Visual Studio 14
VisualStudioVersion = 14.0.23107.0
MinimumVisualStudioVersion = 10.0.40219.1
Project("{FAE04EC0-301F-11D3-BF4B-00C04F79EFBC}") = "AdpWorkforceScrapper", "AdpWorkforceScrapper\AdpWorkforceScrapper.csproj", "{369C7740-3E34-4692-9FE1-8AE500F3AF98}"
EndProject
Project("{FAE04EC0-301F-11D3-BF4B-00C04F79EFBC}") = "AdpWorkforceScrapper.Console.Host", "AdpWorkforceScrapper.Console.Host\AdpWorkforceScrapper.Console.Host.csproj", "{E4ABE831-7FE5-4E1B-8EA0-974485132AF9}"
EndProject
Global
	GlobalSection(SolutionConfigurationPlatforms) = preSolution
		Debug|Any CPU = Debug|Any CPU
		Release|Any CPU = Release|Any CPU
	EndGlobalSection
	GlobalSection(ProjectConfigurationPlatforms) = postSolution
		{369C7740-3E34-4692-9FE1-8AE500F3AF98}.Debug|Any CPU.ActiveCfg = Debug|Any CPU
		{369C7740-3E34-4692-9FE1-8AE500F3AF98}.Debug|Any CPU.Build.0 = Debug|Any CPU
		{369C7740-3E34-4692-9FE1-8AE500F3AF98}.Release|Any CPU.ActiveCfg = Release|Any CPU
		{369C7740-3E34-4692-9FE1-8AE500F3AF98}.Release|Any CPU.Build.0 = Release|Any CPU
		{E4ABE831-7FE5-4E1B-8EA0-974485132AF9}.Debug|Any CPU.ActiveCfg = Debug|Any CPU
		{E4ABE831-7FE5-4E1B-8EA0-974485132AF9}.Debug|Any CPU.Build.0 = Debug|Any CPU
		{E4ABE831-7FE5-4E1B-8EA0-974485132AF9}.Release|Any CPU.ActiveCfg = Release|Any CPU
		{E4ABE831-7FE5-4E1B-8EA0-974485132AF9}.Release|Any CPU.Build.0 = Release|Any CPU
	EndGlobalSection
	GlobalSection(SolutionProperties) = preSolution
		HideSolutionNode = FALSE
	EndGlobalSection
EndGlobal
